// !$*UTF8*$!
{
	archiveVersion = 1;
	classes = {
	};
	objectVersion = 46;
	objects = {

/* Begin PBXBuildFile section */
		A6CF1ED11A629D51009790B7 /* Foundation.framework in Frameworks */ = {isa = PBXBuildFile; fileRef = A6CF1ED01A629D51009790B7 /* Foundation.framework */; };
		A6CF1ED31A629D51009790B7 /* CoreGraphics.framework in Frameworks */ = {isa = PBXBuildFile; fileRef = A6CF1ED21A629D51009790B7 /* CoreGraphics.framework */; };
		A6CF1ED51A629D51009790B7 /* UIKit.framework in Frameworks */ = {isa = PBXBuildFile; fileRef = A6CF1ED41A629D51009790B7 /* UIKit.framework */; };
		A6CF1EDB1A629D51009790B7 /* InfoPlist.strings in Resources */ = {isa = PBXBuildFile; fileRef = A6CF1ED91A629D51009790B7 /* InfoPlist.strings */; };
		A6CF1EDD1A629D51009790B7 /* main.m in Sources */ = {isa = PBXBuildFile; fileRef = A6CF1EDC1A629D51009790B7 /* main.m */; };
		A6CF1EE11A629D51009790B7 /* AppDelegate.m in Sources */ = {isa = PBXBuildFile; fileRef = A6CF1EE01A629D51009790B7 /* AppDelegate.m */; };
		A6CF1EE71A629D51009790B7 /* ViewController.m in Sources */ = {isa = PBXBuildFile; fileRef = A6CF1EE61A629D51009790B7 /* ViewController.m */; };
		A6CF1EE91A629D51009790B7 /* Images.xcassets in Resources */ = {isa = PBXBuildFile; fileRef = A6CF1EE81A629D51009790B7 /* Images.xcassets */; };
		A6CF1EF01A629D51009790B7 /* XCTest.framework in Frameworks */ = {isa = PBXBuildFile; fileRef = A6CF1EEF1A629D51009790B7 /* XCTest.framework */; };
		A6CF1EF11A629D51009790B7 /* Foundation.framework in Frameworks */ = {isa = PBXBuildFile; fileRef = A6CF1ED01A629D51009790B7 /* Foundation.framework */; };
		A6CF1EF21A629D51009790B7 /* UIKit.framework in Frameworks */ = {isa = PBXBuildFile; fileRef = A6CF1ED41A629D51009790B7 /* UIKit.framework */; };
		A6CF1EFA1A629D51009790B7 /* InfoPlist.strings in Resources */ = {isa = PBXBuildFile; fileRef = A6CF1EF81A629D51009790B7 /* InfoPlist.strings */; };
		A6CF1EFC1A629D51009790B7 /* i_BThereTests.m in Sources */ = {isa = PBXBuildFile; fileRef = A6CF1EFB1A629D51009790B7 /* i_BThereTests.m */; };
		A6CF1F061A629DED009790B7 /* FacebookSDK.framework in Frameworks */ = {isa = PBXBuildFile; fileRef = A6CF1F051A629DED009790B7 /* FacebookSDK.framework */; };
		A6CF1F071A629DED009790B7 /* FacebookSDK.framework in Frameworks */ = {isa = PBXBuildFile; fileRef = A6CF1F051A629DED009790B7 /* FacebookSDK.framework */; };
		A6CF1F091A62A004009790B7 /* Storyboard.storyboard in Resources */ = {isa = PBXBuildFile; fileRef = A6CF1F081A62A004009790B7 /* Storyboard.storyboard */; };
		A6CF1F0A1A62A004009790B7 /* Storyboard.storyboard in Resources */ = {isa = PBXBuildFile; fileRef = A6CF1F081A62A004009790B7 /* Storyboard.storyboard */; };
/* End PBXBuildFile section */

/* Begin PBXContainerItemProxy section */
		A6CF1EF31A629D51009790B7 /* PBXContainerItemProxy */ = {
			isa = PBXContainerItemProxy;
			containerPortal = A6CF1EC51A629D51009790B7 /* Project object */;
			proxyType = 1;
			remoteGlobalIDString = A6CF1ECC1A629D51009790B7;
			remoteInfo = "i-BThere";
		};
/* End PBXContainerItemProxy section */

/* Begin PBXFileReference section */
		A6CF1ECD1A629D51009790B7 /* i-BThere.app */ = {isa = PBXFileReference; explicitFileType = wrapper.application; includeInIndex = 0; path = "i-BThere.app"; sourceTree = BUILT_PRODUCTS_DIR; };
		A6CF1ED01A629D51009790B7 /* Foundation.framework */ = {isa = PBXFileReference; lastKnownFileType = wrapper.framework; name = Foundation.framework; path = System/Library/Frameworks/Foundation.framework; sourceTree = SDKROOT; };
		A6CF1ED21A629D51009790B7 /* CoreGraphics.framework */ = {isa = PBXFileReference; lastKnownFileType = wrapper.framework; name = CoreGraphics.framework; path = System/Library/Frameworks/CoreGraphics.framework; sourceTree = SDKROOT; };
		A6CF1ED41A629D51009790B7 /* UIKit.framework */ = {isa = PBXFileReference; lastKnownFileType = wrapper.framework; name = UIKit.framework; path = System/Library/Frameworks/UIKit.framework; sourceTree = SDKROOT; };
		A6CF1ED81A629D51009790B7 /* i-BThere-Info.plist */ = {isa = PBXFileReference; lastKnownFileType = text.plist.xml; path = "i-BThere-Info.plist"; sourceTree = "<group>"; };
		A6CF1EDA1A629D51009790B7 /* en */ = {isa = PBXFileReference; lastKnownFileType = text.plist.strings; name = en; path = en.lproj/InfoPlist.strings; sourceTree = "<group>"; };
		A6CF1EDC1A629D51009790B7 /* main.m */ = {isa = PBXFileReference; lastKnownFileType = sourcecode.c.objc; path = main.m; sourceTree = "<group>"; };
		A6CF1EDE1A629D51009790B7 /* i-BThere-Prefix.pch */ = {isa = PBXFileReference; lastKnownFileType = sourcecode.c.h; path = "i-BThere-Prefix.pch"; sourceTree = "<group>"; };
		A6CF1EDF1A629D51009790B7 /* AppDelegate.h */ = {isa = PBXFileReference; lastKnownFileType = sourcecode.c.h; path = AppDelegate.h; sourceTree = "<group>"; };
		A6CF1EE01A629D51009790B7 /* AppDelegate.m */ = {isa = PBXFileReference; lastKnownFileType = sourcecode.c.objc; path = AppDelegate.m; sourceTree = "<group>"; };
		A6CF1EE51A629D51009790B7 /* ViewController.h */ = {isa = PBXFileReference; lastKnownFileType = sourcecode.c.h; path = ViewController.h; sourceTree = "<group>"; };
		A6CF1EE61A629D51009790B7 /* ViewController.m */ = {isa = PBXFileReference; lastKnownFileType = sourcecode.c.objc; path = ViewController.m; sourceTree = "<group>"; };
		A6CF1EE81A629D51009790B7 /* Images.xcassets */ = {isa = PBXFileReference; lastKnownFileType = folder.assetcatalog; path = Images.xcassets; sourceTree = "<group>"; };
		A6CF1EEE1A629D51009790B7 /* i-BThereTests.xctest */ = {isa = PBXFileReference; explicitFileType = wrapper.cfbundle; includeInIndex = 0; path = "i-BThereTests.xctest"; sourceTree = BUILT_PRODUCTS_DIR; };
		A6CF1EEF1A629D51009790B7 /* XCTest.framework */ = {isa = PBXFileReference; lastKnownFileType = wrapper.framework; name = XCTest.framework; path = Library/Frameworks/XCTest.framework; sourceTree = DEVELOPER_DIR; };
		A6CF1EF71A629D51009790B7 /* i-BThereTests-Info.plist */ = {isa = PBXFileReference; lastKnownFileType = text.plist.xml; path = "i-BThereTests-Info.plist"; sourceTree = "<group>"; };
		A6CF1EF91A629D51009790B7 /* en */ = {isa = PBXFileReference; lastKnownFileType = text.plist.strings; name = en; path = en.lproj/InfoPlist.strings; sourceTree = "<group>"; };
		A6CF1EFB1A629D51009790B7 /* i_BThereTests.m */ = {isa = PBXFileReference; lastKnownFileType = sourcecode.c.objc; path = i_BThereTests.m; sourceTree = "<group>"; };
		A6CF1F051A629DED009790B7 /* FacebookSDK.framework */ = {isa = PBXFileReference; lastKnownFileType = wrapper.framework; name = FacebookSDK.framework; path = ../FacebookSDK/FacebookSDK.framework; sourceTree = "<group>"; };
		A6CF1F081A62A004009790B7 /* Storyboard.storyboard */ = {isa = PBXFileReference; fileEncoding = 4; lastKnownFileType = file.storyboard; path = Storyboard.storyboard; sourceTree = "<group>"; };
/* End PBXFileReference section */

/* Begin PBXFrameworksBuildPhase section */
		A6CF1ECA1A629D51009790B7 /* Frameworks */ = {
			isa = PBXFrameworksBuildPhase;
			buildActionMask = 2147483647;
			files = (
				A6CF1ED31A629D51009790B7 /* CoreGraphics.framework in Frameworks */,
				A6CF1F061A629DED009790B7 /* FacebookSDK.framework in Frameworks */,
				A6CF1ED51A629D51009790B7 /* UIKit.framework in Frameworks */,
				A6CF1ED11A629D51009790B7 /* Foundation.framework in Frameworks */,
			);
			runOnlyForDeploymentPostprocessing = 0;
		};
		A6CF1EEB1A629D51009790B7 /* Frameworks */ = {
			isa = PBXFrameworksBuildPhase;
			buildActionMask = 2147483647;
			files = (
				A6CF1EF01A629D51009790B7 /* XCTest.framework in Frameworks */,
				A6CF1F071A629DED009790B7 /* FacebookSDK.framework in Frameworks */,
				A6CF1EF21A629D51009790B7 /* UIKit.framework in Frameworks */,
				A6CF1EF11A629D51009790B7 /* Foundation.framework in Frameworks */,
			);
			runOnlyForDeploymentPostprocessing = 0;
		};
/* End PBXFrameworksBuildPhase section */

/* Begin PBXGroup section */
		A6CF1EC41A629D51009790B7 = {
			isa = PBXGroup;
			children = (
				A6CF1ED61A629D51009790B7 /* i-BThere */,
				A6CF1EF51A629D51009790B7 /* i-BThereTests */,
				A6CF1ECF1A629D51009790B7 /* Frameworks */,
				A6CF1ECE1A629D51009790B7 /* Products */,
			);
			sourceTree = "<group>";
		};
		A6CF1ECE1A629D51009790B7 /* Products */ = {
			isa = PBXGroup;
			children = (
				A6CF1ECD1A629D51009790B7 /* i-BThere.app */,
				A6CF1EEE1A629D51009790B7 /* i-BThereTests.xctest */,
			);
			name = Products;
			sourceTree = "<group>";
		};
		A6CF1ECF1A629D51009790B7 /* Frameworks */ = {
			isa = PBXGroup;
			children = (
				A6CF1F051A629DED009790B7 /* FacebookSDK.framework */,
				A6CF1ED01A629D51009790B7 /* Foundation.framework */,
				A6CF1ED21A629D51009790B7 /* CoreGraphics.framework */,
				A6CF1ED41A629D51009790B7 /* UIKit.framework */,
				A6CF1EEF1A629D51009790B7 /* XCTest.framework */,
			);
			name = Frameworks;
			sourceTree = "<group>";
		};
		A6CF1ED61A629D51009790B7 /* i-BThere */ = {
			isa = PBXGroup;
			children = (
				A6CF1EDF1A629D51009790B7 /* AppDelegate.h */,
				A6CF1EE01A629D51009790B7 /* AppDelegate.m */,
				A6CF1EE51A629D51009790B7 /* ViewController.h */,
				A6CF1EE61A629D51009790B7 /* ViewController.m */,
				A6CF1EE81A629D51009790B7 /* Images.xcassets */,
				A6CF1ED71A629D51009790B7 /* Supporting Files */,
				A6CF1F081A62A004009790B7 /* Storyboard.storyboard */,
			);
			path = "i-BThere";
			sourceTree = "<group>";
		};
		A6CF1ED71A629D51009790B7 /* Supporting Files */ = {
			isa = PBXGroup;
			children = (
				A6CF1ED81A629D51009790B7 /* i-BThere-Info.plist */,
				A6CF1ED91A629D51009790B7 /* InfoPlist.strings */,
				A6CF1EDC1A629D51009790B7 /* main.m */,
				A6CF1EDE1A629D51009790B7 /* i-BThere-Prefix.pch */,
			);
			name = "Supporting Files";
			sourceTree = "<group>";
		};
		A6CF1EF51A629D51009790B7 /* i-BThereTests */ = {
			isa = PBXGroup;
			children = (
				A6CF1EFB1A629D51009790B7 /* i_BThereTests.m */,
				A6CF1EF61A629D51009790B7 /* Supporting Files */,
			);
			path = "i-BThereTests";
			sourceTree = "<group>";
		};
		A6CF1EF61A629D51009790B7 /* Supporting Files */ = {
			isa = PBXGroup;
			children = (
				A6CF1EF71A629D51009790B7 /* i-BThereTests-Info.plist */,
				A6CF1EF81A629D51009790B7 /* InfoPlist.strings */,
			);
			name = "Supporting Files";
			sourceTree = "<group>";
		};
/* End PBXGroup section */

/* Begin PBXNativeTarget section */
		A6CF1ECC1A629D51009790B7 /* i-BThere */ = {
			isa = PBXNativeTarget;
			buildConfigurationList = A6CF1EFF1A629D51009790B7 /* Build configuration list for PBXNativeTarget "i-BThere" */;
			buildPhases = (
				A6CF1EC91A629D51009790B7 /* Sources */,
				A6CF1ECA1A629D51009790B7 /* Frameworks */,
				A6CF1ECB1A629D51009790B7 /* Resources */,
			);
			buildRules = (
			);
			dependencies = (
			);
			name = "i-BThere";
			productName = "i-BThere";
			productReference = A6CF1ECD1A629D51009790B7 /* i-BThere.app */;
			productType = "com.apple.product-type.application";
		};
		A6CF1EED1A629D51009790B7 /* i-BThereTests */ = {
			isa = PBXNativeTarget;
			buildConfigurationList = A6CF1F021A629D51009790B7 /* Build configuration list for PBXNativeTarget "i-BThereTests" */;
			buildPhases = (
				A6CF1EEA1A629D51009790B7 /* Sources */,
				A6CF1EEB1A629D51009790B7 /* Frameworks */,
				A6CF1EEC1A629D51009790B7 /* Resources */,
			);
			buildRules = (
			);
			dependencies = (
				A6CF1EF41A629D51009790B7 /* PBXTargetDependency */,
			);
			name = "i-BThereTests";
			productName = "i-BThereTests";
			productReference = A6CF1EEE1A629D51009790B7 /* i-BThereTests.xctest */;
			productType = "com.apple.product-type.bundle.unit-test";
		};
/* End PBXNativeTarget section */

/* Begin PBXProject section */
		A6CF1EC51A629D51009790B7 /* Project object */ = {
			isa = PBXProject;
			attributes = {
				LastUpgradeCheck = 0510;
				ORGANIZATIONNAME = sheffield;
				TargetAttributes = {
					A6CF1EED1A629D51009790B7 = {
						TestTargetID = A6CF1ECC1A629D51009790B7;
					};
				};
			};
			buildConfigurationList = A6CF1EC81A629D51009790B7 /* Build configuration list for PBXProject "i-BThere" */;
			compatibilityVersion = "Xcode 3.2";
			developmentRegion = English;
			hasScannedForEncodings = 0;
			knownRegions = (
				en,
				Base,
			);
			mainGroup = A6CF1EC41A629D51009790B7;
			productRefGroup = A6CF1ECE1A629D51009790B7 /* Products */;
			projectDirPath = "";
			projectRoot = "";
			targets = (
				A6CF1ECC1A629D51009790B7 /* i-BThere */,
				A6CF1EED1A629D51009790B7 /* i-BThereTests */,
			);
		};
/* End PBXProject section */

/* Begin PBXResourcesBuildPhase section */
		A6CF1ECB1A629D51009790B7 /* Resources */ = {
			isa = PBXResourcesBuildPhase;
			buildActionMask = 2147483647;
			files = (
				A6CF1EE91A629D51009790B7 /* Images.xcassets in Resources */,
				A6CF1F091A62A004009790B7 /* Storyboard.storyboard in Resources */,
				A6CF1EDB1A629D51009790B7 /* InfoPlist.strings in Resources */,
			);
			runOnlyForDeploymentPostprocessing = 0;
		};
		A6CF1EEC1A629D51009790B7 /* Resources */ = {
			isa = PBXResourcesBuildPhase;
			buildActionMask = 2147483647;
			files = (
				A6CF1EFA1A629D51009790B7 /* InfoPlist.strings in Resources */,
				A6CF1F0A1A62A004009790B7 /* Storyboard.storyboard in Resources */,
			);
			runOnlyForDeploymentPostprocessing = 0;
		};
/* End PBXResourcesBuildPhase section */

/* Begin PBXSourcesBuildPhase section */
		A6CF1EC91A629D51009790B7 /* Sources */ = {
			isa = PBXSourcesBuildPhase;
			buildActionMask = 2147483647;
			files = (
				A6CF1EE71A629D51009790B7 /* ViewController.m in Sources */,
				A6CF1EE11A629D51009790B7 /* AppDelegate.m in Sources */,
				A6CF1EDD1A629D51009790B7 /* main.m in Sources */,
			);
			runOnlyForDeploymentPostprocessing = 0;
		};
		A6CF1EEA1A629D51009790B7 /* Sources */ = {
			isa = PBXSourcesBuildPhase;
			buildActionMask = 2147483647;
			files = (
				A6CF1EFC1A629D51009790B7 /* i_BThereTests.m in Sources */,
			);
			runOnlyForDeploymentPostprocessing = 0;
		};
/* End PBXSourcesBuildPhase section */

/* Begin PBXTargetDependency section */
		A6CF1EF41A629D51009790B7 /* PBXTargetDependency */ = {
			isa = PBXTargetDependency;
			target = A6CF1ECC1A629D51009790B7 /* i-BThere */;
			targetProxy = A6CF1EF31A629D51009790B7 /* PBXContainerItemProxy */;
		};
/* End PBXTargetDependency section */

/* Begin PBXVariantGroup section */
		A6CF1ED91A629D51009790B7 /* InfoPlist.strings */ = {
			isa = PBXVariantGroup;
			children = (
				A6CF1EDA1A629D51009790B7 /* en */,
			);
			name = InfoPlist.strings;
			sourceTree = "<group>";
		};
		A6CF1EF81A629D51009790B7 /* InfoPlist.strings */ = {
			isa = PBXVariantGroup;
			children = (
				A6CF1EF91A629D51009790B7 /* en */,
			);
			name = InfoPlist.strings;
			sourceTree = "<group>";
		};
/* End PBXVariantGroup section */

/* Begin XCBuildConfiguration section */
		A6CF1EFD1A629D51009790B7 /* Debug */ = {
			isa = XCBuildConfiguration;
			buildSettings = {
				ALWAYS_SEARCH_USER_PATHS = NO;
				CLANG_CXX_LANGUAGE_STANDARD = "gnu++0x";
				CLANG_CXX_LIBRARY = "libc++";
				CLANG_ENABLE_MODULES = YES;
				CLANG_ENABLE_OBJC_ARC = YES;
				CLANG_WARN_BOOL_CONVERSION = YES;
				CLANG_WARN_CONSTANT_CONVERSION = YES;
				CLANG_WARN_DIRECT_OBJC_ISA_USAGE = YES_ERROR;
				CLANG_WARN_EMPTY_BODY = YES;
				CLANG_WARN_ENUM_CONVERSION = YES;
				CLANG_WARN_INT_CONVERSION = YES;
				CLANG_WARN_OBJC_ROOT_CLASS = YES_ERROR;
				CLANG_WARN__DUPLICATE_METHOD_MATCH = YES;
				"CODE_SIGN_IDENTITY[sdk=iphoneos*]" = "iPhone Developer";
				COPY_PHASE_STRIP = NO;
				GCC_C_LANGUAGE_STANDARD = gnu99;
				GCC_DYNAMIC_NO_PIC = NO;
				GCC_OPTIMIZATION_LEVEL = 0;
				GCC_PREPROCESSOR_DEFINITIONS = (
					"DEBUG=1",
					"$(inherited)",
				);
				GCC_SYMBOLS_PRIVATE_EXTERN = NO;
				GCC_WARN_64_TO_32_BIT_CONVERSION = YES;
				GCC_WARN_ABOUT_RETURN_TYPE = YES_ERROR;
				GCC_WARN_UNDECLARED_SELECTOR = YES;
				GCC_WARN_UNINITIALIZED_AUTOS = YES_AGGRESSIVE;
				GCC_WARN_UNUSED_FUNCTION = YES;
				GCC_WARN_UNUSED_VARIABLE = YES;
				IPHONEOS_DEPLOYMENT_TARGET = 7.1;
				ONLY_ACTIVE_ARCH = YES;
				SDKROOT = iphoneos;
			};
			name = Debug;
		};
		A6CF1EFE1A629D51009790B7 /* Release */ = {
			isa = XCBuildConfiguration;
			buildSettings = {
				ALWAYS_SEARCH_USER_PATHS = NO;
				CLANG_CXX_LANGUAGE_STANDARD = "gnu++0x";
				CLANG_CXX_LIBRARY = "libc++";
				CLANG_ENABLE_MODULES = YES;
				CLANG_ENABLE_OBJC_ARC = YES;
				CLANG_WARN_BOOL_CONVERSION = YES;
				CLANG_WARN_CONSTANT_CONVERSION = YES;
				CLANG_WARN_DIRECT_OBJC_ISA_USAGE = YES_ERROR;
				CLANG_WARN_EMPTY_BODY = YES;
				CLANG_WARN_ENUM_CONVERSION = YES;
				CLANG_WARN_INT_CONVERSION = YES;
				CLANG_WARN_OBJC_ROOT_CLASS = YES_ERROR;
				CLANG_WARN__DUPLICATE_METHOD_MATCH = YES;
				"CODE_SIGN_IDENTITY[sdk=iphoneos*]" = "iPhone Developer";
				COPY_PHASE_STRIP = YES;
				ENABLE_NS_ASSERTIONS = NO;
				GCC_C_LANGUAGE_STANDARD = gnu99;
				GCC_WARN_64_TO_32_BIT_CONVERSION = YES;
				GCC_WARN_ABOUT_RETURN_TYPE = YES_ERROR;
				GCC_WARN_UNDECLARED_SELECTOR = YES;
				GCC_WARN_UNINITIALIZED_AUTOS = YES_AGGRESSIVE;
				GCC_WARN_UNUSED_FUNCTION = YES;
				GCC_WARN_UNUSED_VARIABLE = YES;
				IPHONEOS_DEPLOYMENT_TARGET = 7.1;
				SDKROOT = iphoneos;
				VALIDATE_PRODUCT = YES;
			};
			name = Release;
		};
		A6CF1F001A629D51009790B7 /* Debug */ = {
			isa = XCBuildConfiguration;
			buildSettings = {
				ASSETCATALOG_COMPILER_APPICON_NAME = AppIcon;
				ASSETCATALOG_COMPILER_LAUNCHIMAGE_NAME = LaunchImage;
				FRAMEWORK_SEARCH_PATHS = (
					"$(inherited)",
					/Users/tudorsirbu/Documents/FacebookSDK,
				);
				GCC_PRECOMPILE_PREFIX_HEADER = YES;
				GCC_PREFIX_HEADER = "i-BThere/i-BThere-Prefix.pch";
				INFOPLIST_FILE = "i-BThere/i-BThere-Info.plist";
				PRODUCT_NAME = "$(TARGET_NAME)";
				WRAPPER_EXTENSION = app;
			};
			name = Debug;
		};
		A6CF1F011A629D51009790B7 /* Release */ = {
			isa = XCBuildConfiguration;
			buildSettings = {
				ASSETCATALOG_COMPILER_APPICON_NAME = AppIcon;
				ASSETCATALOG_COMPILER_LAUNCHIMAGE_NAME = LaunchImage;
				FRAMEWORK_SEARCH_PATHS = (
					"$(inherited)",
					/Users/tudorsirbu/Documents/FacebookSDK,
				);
				GCC_PRECOMPILE_PREFIX_HEADER = YES;
				GCC_PREFIX_HEADER = "i-BThere/i-BThere-Prefix.pch";
				INFOPLIST_FILE = "i-BThere/i-BThere-Info.plist";
				PRODUCT_NAME = "$(TARGET_NAME)";
				WRAPPER_EXTENSION = app;
			};
			name = Release;
		};
		A6CF1F031A629D51009790B7 /* Debug */ = {
			isa = XCBuildConfiguration;
			buildSettings = {
				BUNDLE_LOADER = "$(BUILT_PRODUCTS_DIR)/i-BThere.app/i-BThere";
				FRAMEWORK_SEARCH_PATHS = (
					"$(SDKROOT)/Developer/Library/Frameworks",
					"$(inherited)",
					"$(DEVELOPER_FRAMEWORKS_DIR)",
					/Users/tudorsirbu/Documents/FacebookSDK,
				);
				GCC_PRECOMPILE_PREFIX_HEADER = YES;
				GCC_PREFIX_HEADER = "i-BThere/i-BThere-Prefix.pch";
				GCC_PREPROCESSOR_DEFINITIONS = (
					"DEBUG=1",
					"$(inherited)",
				);
				INFOPLIST_FILE = "i-BThereTests/i-BThereTests-Info.plist";
				PRODUCT_NAME = "$(TARGET_NAME)";
				TEST_HOST = "$(BUNDLE_LOADER)";
				WRAPPER_EXTENSION = xctest;
			};
			name = Debug;
		};
		A6CF1F041A629D51009790B7 /* Release */ = {
			isa = XCBuildConfiguration;
			buildSettings = {
				BUNDLE_LOADER = "$(BUILT_PRODUCTS_DIR)/i-BThere.app/i-BThere";
				FRAMEWORK_SEARCH_PATHS = (
					"$(SDKROOT)/Developer/Library/Frameworks",
					"$(inherited)",
					"$(DEVELOPER_FRAMEWORKS_DIR)",
					/Users/tudorsirbu/Documents/FacebookSDK,
				);
				GCC_PRECOMPILE_PREFIX_HEADER = YES;
				GCC_PREFIX_HEADER = "i-BThere/i-BThere-Prefix.pch";
				INFOPLIST_FILE = "i-BThereTests/i-BThereTests-Info.plist";
				PRODUCT_NAME = "$(TARGET_NAME)";
				TEST_HOST = "$(BUNDLE_LOADER)";
				WRAPPER_EXTENSION = xctest;
			};
			name = Release;
		};
/* End XCBuildConfiguration section */

/* Begin XCConfigurationList section */
		A6CF1EC81A629D51009790B7 /* Build configuration list for PBXProject "i-BThere" */ = {
			isa = XCConfigurationList;
			buildConfigurations = (
				A6CF1EFD1A629D51009790B7 /* Debug */,
				A6CF1EFE1A629D51009790B7 /* Release */,
			);
			defaultConfigurationIsVisible = 0;
			defaultConfigurationName = Release;
		};
		A6CF1EFF1A629D51009790B7 /* Build configuration list for PBXNativeTarget "i-BThere" */ = {
			isa = XCConfigurationList;
			buildConfigurations = (
				A6CF1F001A629D51009790B7 /* Debug */,
				A6CF1F011A629D51009790B7 /* Release */,
			);
			defaultConfigurationIsVisible = 0;
		};
		A6CF1F021A629D51009790B7 /* Build configuration list for PBXNativeTarget "i-BThereTests" */ = {
			isa = XCConfigurationList;
			buildConfigurations = (
				A6CF1F031A629D51009790B7 /* Debug */,
				A6CF1F041A629D51009790B7 /* Release */,
			);
			defaultConfigurationIsVisible = 0;
		};
/* End XCConfigurationList section */
	};
	rootObject = A6CF1EC51A629D51009790B7 /* Project object */;
}
