// !$*UTF8*$!
{
	archiveVersion = 1;
	classes = {
	};
	objectVersion = 46;
	objects = {

/* Begin PBXBuildFile section */
		A60E635B1A667ECD002F9434 /* i-BThere.png in Resources */ = {isa = PBXBuildFile; fileRef = A60E635A1A667ECD002F9434 /* i-BThere.png */; };
		A60E635D1A6693D5002F9434 /* GoogleMaps.framework in Frameworks */ = {isa = PBXBuildFile; fileRef = A60E635C1A6693D5002F9434 /* GoogleMaps.framework */; };
		A60E63611A6694A0002F9434 /* GoogleMaps.bundle in Resources */ = {isa = PBXBuildFile; fileRef = A60E63601A6694A0002F9434 /* GoogleMaps.bundle */; };
		A60E63631A6694EE002F9434 /* AVFoundation.framework in Frameworks */ = {isa = PBXBuildFile; fileRef = A60E63621A6694EE002F9434 /* AVFoundation.framework */; };
		A60E63651A6694F4002F9434 /* CoreData.framework in Frameworks */ = {isa = PBXBuildFile; fileRef = A60E63641A6694F4002F9434 /* CoreData.framework */; };
		A60E63671A6694F9002F9434 /* CoreLocation.framework in Frameworks */ = {isa = PBXBuildFile; fileRef = A60E63661A6694F9002F9434 /* CoreLocation.framework */; };
		A60E63691A669500002F9434 /* CoreText.framework in Frameworks */ = {isa = PBXBuildFile; fileRef = A60E63681A669500002F9434 /* CoreText.framework */; };
		A60E636B1A669507002F9434 /* GLKit.framework in Frameworks */ = {isa = PBXBuildFile; fileRef = A60E636A1A669506002F9434 /* GLKit.framework */; };
		A60E636D1A66950E002F9434 /* ImageIO.framework in Frameworks */ = {isa = PBXBuildFile; fileRef = A60E636C1A66950E002F9434 /* ImageIO.framework */; };
		A60E636F1A66951B002F9434 /* libc++.dylib in Frameworks */ = {isa = PBXBuildFile; fileRef = A60E636E1A66951B002F9434 /* libc++.dylib */; };
		A60E63711A669526002F9434 /* libicucore.dylib in Frameworks */ = {isa = PBXBuildFile; fileRef = A60E63701A669526002F9434 /* libicucore.dylib */; };
		A60E63731A66952D002F9434 /* libz.dylib in Frameworks */ = {isa = PBXBuildFile; fileRef = A60E63721A66952D002F9434 /* libz.dylib */; };
		A60E63751A669534002F9434 /* OpenGLES.framework in Frameworks */ = {isa = PBXBuildFile; fileRef = A60E63741A669534002F9434 /* OpenGLES.framework */; };
		A60E63771A66953B002F9434 /* QuartzCore.framework in Frameworks */ = {isa = PBXBuildFile; fileRef = A60E63761A66953B002F9434 /* QuartzCore.framework */; };
		A60E63791A669541002F9434 /* SystemConfiguration.framework in Frameworks */ = {isa = PBXBuildFile; fileRef = A60E63781A669541002F9434 /* SystemConfiguration.framework */; };
		A61C4F811A76698100B720CB /* UserModelTest.m in Sources */ = {isa = PBXBuildFile; fileRef = A61C4F801A76698100B720CB /* UserModelTest.m */; };
		A62789561A742C960058854E /* RequestMeetUp.m in Sources */ = {isa = PBXBuildFile; fileRef = A62789551A742C960058854E /* RequestMeetUp.m */; };
		A62789571A742C960058854E /* RequestMeetUp.m in Sources */ = {isa = PBXBuildFile; fileRef = A62789551A742C960058854E /* RequestMeetUp.m */; };
		A627895C1A748A530058854E /* MainStoryBoard.storyboard in Resources */ = {isa = PBXBuildFile; fileRef = A627895B1A748A520058854E /* MainStoryBoard.storyboard */; };
		A627895D1A748A530058854E /* MainStoryBoard.storyboard in Resources */ = {isa = PBXBuildFile; fileRef = A627895B1A748A520058854E /* MainStoryBoard.storyboard */; };
		A62789601A7493650058854E /* UpdateCurrentLocation.m in Sources */ = {isa = PBXBuildFile; fileRef = A627895F1A7493650058854E /* UpdateCurrentLocation.m */; };
		A62789611A7493650058854E /* UpdateCurrentLocation.m in Sources */ = {isa = PBXBuildFile; fileRef = A627895F1A7493650058854E /* UpdateCurrentLocation.m */; };
		A62789651A7494400058854E /* RespondToRequest.m in Sources */ = {isa = PBXBuildFile; fileRef = A62789641A7494400058854E /* RespondToRequest.m */; };
		A62789661A7494400058854E /* RespondToRequest.m in Sources */ = {isa = PBXBuildFile; fileRef = A62789641A7494400058854E /* RespondToRequest.m */; };
		A63D9E6F1A669D5E00E07FC1 /* marker.png in Resources */ = {isa = PBXBuildFile; fileRef = A63D9E6E1A669D5E00E07FC1 /* marker.png */; };
		A687A3E81A740A6D00D73A4F /* User.m in Sources */ = {isa = PBXBuildFile; fileRef = A687A3E71A740A6D00D73A4F /* User.m */; };
		A687A3E91A740A6D00D73A4F /* User.m in Sources */ = {isa = PBXBuildFile; fileRef = A687A3E71A740A6D00D73A4F /* User.m */; };
		A6BDB9031A65ACC5006E2776 /* MapViewController.m in Sources */ = {isa = PBXBuildFile; fileRef = A6BDB9021A65ACC5006E2776 /* MapViewController.m */; };
		A6BDB9041A65ACC5006E2776 /* MapViewController.m in Sources */ = {isa = PBXBuildFile; fileRef = A6BDB9021A65ACC5006E2776 /* MapViewController.m */; };
		A6BDB9061A65B1A6006E2776 /* MapKit.framework in Frameworks */ = {isa = PBXBuildFile; fileRef = A6BDB9051A65B1A6006E2776 /* MapKit.framework */; };
		A6CF1ED11A629D51009790B7 /* Foundation.framework in Frameworks */ = {isa = PBXBuildFile; fileRef = A6CF1ED01A629D51009790B7 /* Foundation.framework */; };
		A6CF1ED31A629D51009790B7 /* CoreGraphics.framework in Frameworks */ = {isa = PBXBuildFile; fileRef = A6CF1ED21A629D51009790B7 /* CoreGraphics.framework */; };
		A6CF1ED51A629D51009790B7 /* UIKit.framework in Frameworks */ = {isa = PBXBuildFile; fileRef = A6CF1ED41A629D51009790B7 /* UIKit.framework */; };
		A6CF1EDB1A629D51009790B7 /* InfoPlist.strings in Resources */ = {isa = PBXBuildFile; fileRef = A6CF1ED91A629D51009790B7 /* InfoPlist.strings */; };
		A6CF1EDD1A629D51009790B7 /* main.m in Sources */ = {isa = PBXBuildFile; fileRef = A6CF1EDC1A629D51009790B7 /* main.m */; };
		A6CF1EE11A629D51009790B7 /* AppDelegate.m in Sources */ = {isa = PBXBuildFile; fileRef = A6CF1EE01A629D51009790B7 /* AppDelegate.m */; };
		A6CF1EE71A629D51009790B7 /* ViewController.m in Sources */ = {isa = PBXBuildFile; fileRef = A6CF1EE61A629D51009790B7 /* ViewController.m */; };
		A6CF1EE91A629D51009790B7 /* Images.xcassets in Resources */ = {isa = PBXBuildFile; fileRef = A6CF1EE81A629D51009790B7 /* Images.xcassets */; };
		A6CF1EF01A629D51009790B7 /* XCTest.framework in Frameworks */ = {isa = PBXBuildFile; fileRef = A6CF1EEF1A629D51009790B7 /* XCTest.framework */; };
		A6CF1EF11A629D51009790B7 /* Foundation.framework in Frameworks */ = {isa = PBXBuildFile; fileRef = A6CF1ED01A629D51009790B7 /* Foundation.framework */; };
		A6CF1EF21A629D51009790B7 /* UIKit.framework in Frameworks */ = {isa = PBXBuildFile; fileRef = A6CF1ED41A629D51009790B7 /* UIKit.framework */; };
		A6CF1EFA1A629D51009790B7 /* InfoPlist.strings in Resources */ = {isa = PBXBuildFile; fileRef = A6CF1EF81A629D51009790B7 /* InfoPlist.strings */; };
		A6CF1EFC1A629D51009790B7 /* i_BThereTests.m in Sources */ = {isa = PBXBuildFile; fileRef = A6CF1EFB1A629D51009790B7 /* i_BThereTests.m */; };
		A6CF1F061A629DED009790B7 /* FacebookSDK.framework in Frameworks */ = {isa = PBXBuildFile; fileRef = A6CF1F051A629DED009790B7 /* FacebookSDK.framework */; };
		A6CF1F071A629DED009790B7 /* FacebookSDK.framework in Frameworks */ = {isa = PBXBuildFile; fileRef = A6CF1F051A629DED009790B7 /* FacebookSDK.framework */; };
		A6CF1F091A62A004009790B7 /* Storyboard.storyboard in Resources */ = {isa = PBXBuildFile; fileRef = A6CF1F081A62A004009790B7 /* Storyboard.storyboard */; };
		A6CF1F0A1A62A004009790B7 /* Storyboard.storyboard in Resources */ = {isa = PBXBuildFile; fileRef = A6CF1F081A62A004009790B7 /* Storyboard.storyboard */; };
		A6CF1F0D1A62AD61009790B7 /* SettingsViewController.m in Sources */ = {isa = PBXBuildFile; fileRef = A6CF1F0C1A62AD61009790B7 /* SettingsViewController.m */; };
		A6CF1F0E1A62AD61009790B7 /* SettingsViewController.m in Sources */ = {isa = PBXBuildFile; fileRef = A6CF1F0C1A62AD61009790B7 /* SettingsViewController.m */; };
		A6FBB5B01A710C1C004A5218 /* data.plist in Resources */ = {isa = PBXBuildFile; fileRef = A6FBB5AF1A710C1C004A5218 /* data.plist */; };
		A6FBB5B11A710C1C004A5218 /* data.plist in Resources */ = {isa = PBXBuildFile; fileRef = A6FBB5AF1A710C1C004A5218 /* data.plist */; };
		A6FBB5B41A71164E004A5218 /* AppUtil.m in Sources */ = {isa = PBXBuildFile; fileRef = A6FBB5B31A71164E004A5218 /* AppUtil.m */; };
		A6FBB5B51A71164E004A5218 /* AppUtil.m in Sources */ = {isa = PBXBuildFile; fileRef = A6FBB5B31A71164E004A5218 /* AppUtil.m */; };
/* End PBXBuildFile section */

/* Begin PBXContainerItemProxy section */
		A6CF1EF31A629D51009790B7 /* PBXContainerItemProxy */ = {
			isa = PBXContainerItemProxy;
			containerPortal = A6CF1EC51A629D51009790B7 /* Project object */;
			proxyType = 1;
			remoteGlobalIDString = A6CF1ECC1A629D51009790B7;
			remoteInfo = "i-BThere";
		};
/* End PBXContainerItemProxy section */

/* Begin PBXFileReference section */
		A60E635A1A667ECD002F9434 /* i-BThere.png */ = {isa = PBXFileReference; lastKnownFileType = image.png; path = "i-BThere.png"; sourceTree = "<group>"; };
		A60E635C1A6693D5002F9434 /* GoogleMaps.framework */ = {isa = PBXFileReference; lastKnownFileType = wrapper.framework; path = GoogleMaps.framework; sourceTree = "<group>"; };
		A60E63601A6694A0002F9434 /* GoogleMaps.bundle */ = {isa = PBXFileReference; lastKnownFileType = "wrapper.plug-in"; name = GoogleMaps.bundle; path = "../../Downloads/GoogleMaps-iOS-1.9.1/GoogleMaps.framework/Versions/A/Resources/GoogleMaps.bundle"; sourceTree = "<group>"; };
		A60E63621A6694EE002F9434 /* AVFoundation.framework */ = {isa = PBXFileReference; lastKnownFileType = wrapper.framework; name = AVFoundation.framework; path = System/Library/Frameworks/AVFoundation.framework; sourceTree = SDKROOT; };
		A60E63641A6694F4002F9434 /* CoreData.framework */ = {isa = PBXFileReference; lastKnownFileType = wrapper.framework; name = CoreData.framework; path = System/Library/Frameworks/CoreData.framework; sourceTree = SDKROOT; };
		A60E63661A6694F9002F9434 /* CoreLocation.framework */ = {isa = PBXFileReference; lastKnownFileType = wrapper.framework; name = CoreLocation.framework; path = System/Library/Frameworks/CoreLocation.framework; sourceTree = SDKROOT; };
		A60E63681A669500002F9434 /* CoreText.framework */ = {isa = PBXFileReference; lastKnownFileType = wrapper.framework; name = CoreText.framework; path = System/Library/Frameworks/CoreText.framework; sourceTree = SDKROOT; };
		A60E636A1A669506002F9434 /* GLKit.framework */ = {isa = PBXFileReference; lastKnownFileType = wrapper.framework; name = GLKit.framework; path = System/Library/Frameworks/GLKit.framework; sourceTree = SDKROOT; };
		A60E636C1A66950E002F9434 /* ImageIO.framework */ = {isa = PBXFileReference; lastKnownFileType = wrapper.framework; name = ImageIO.framework; path = System/Library/Frameworks/ImageIO.framework; sourceTree = SDKROOT; };
		A60E636E1A66951B002F9434 /* libc++.dylib */ = {isa = PBXFileReference; lastKnownFileType = "compiled.mach-o.dylib"; name = "libc++.dylib"; path = "usr/lib/libc++.dylib"; sourceTree = SDKROOT; };
		A60E63701A669526002F9434 /* libicucore.dylib */ = {isa = PBXFileReference; lastKnownFileType = "compiled.mach-o.dylib"; name = libicucore.dylib; path = usr/lib/libicucore.dylib; sourceTree = SDKROOT; };
		A60E63721A66952D002F9434 /* libz.dylib */ = {isa = PBXFileReference; lastKnownFileType = "compiled.mach-o.dylib"; name = libz.dylib; path = usr/lib/libz.dylib; sourceTree = SDKROOT; };
		A60E63741A669534002F9434 /* OpenGLES.framework */ = {isa = PBXFileReference; lastKnownFileType = wrapper.framework; name = OpenGLES.framework; path = System/Library/Frameworks/OpenGLES.framework; sourceTree = SDKROOT; };
		A60E63761A66953B002F9434 /* QuartzCore.framework */ = {isa = PBXFileReference; lastKnownFileType = wrapper.framework; name = QuartzCore.framework; path = System/Library/Frameworks/QuartzCore.framework; sourceTree = SDKROOT; };
		A60E63781A669541002F9434 /* SystemConfiguration.framework */ = {isa = PBXFileReference; lastKnownFileType = wrapper.framework; name = SystemConfiguration.framework; path = System/Library/Frameworks/SystemConfiguration.framework; sourceTree = SDKROOT; };
		A61C4F801A76698100B720CB /* UserModelTest.m */ = {isa = PBXFileReference; fileEncoding = 4; lastKnownFileType = sourcecode.c.objc; path = UserModelTest.m; sourceTree = "<group>"; };
		A62789531A742C460058854E /* RequestMeetUp.h */ = {isa = PBXFileReference; fileEncoding = 4; lastKnownFileType = sourcecode.c.h; path = RequestMeetUp.h; sourceTree = "<group>"; };
		A62789551A742C960058854E /* RequestMeetUp.m */ = {isa = PBXFileReference; fileEncoding = 4; lastKnownFileType = sourcecode.c.objc; path = RequestMeetUp.m; sourceTree = "<group>"; };
		A627895B1A748A520058854E /* MainStoryBoard.storyboard */ = {isa = PBXFileReference; fileEncoding = 4; lastKnownFileType = file.storyboard; path = MainStoryBoard.storyboard; sourceTree = "<group>"; };
		A627895E1A748C7E0058854E /* ViewControllerDelegate.h */ = {isa = PBXFileReference; fileEncoding = 4; lastKnownFileType = sourcecode.c.h; path = ViewControllerDelegate.h; sourceTree = "<group>"; };
		A627895F1A7493650058854E /* UpdateCurrentLocation.m */ = {isa = PBXFileReference; fileEncoding = 4; lastKnownFileType = sourcecode.c.objc; path = UpdateCurrentLocation.m; sourceTree = "<group>"; };
		A62789621A7493770058854E /* UpdateCurrentLocation.h */ = {isa = PBXFileReference; fileEncoding = 4; lastKnownFileType = sourcecode.c.h; path = UpdateCurrentLocation.h; sourceTree = "<group>"; };
		A62789631A7494310058854E /* RespondToRequest.h */ = {isa = PBXFileReference; fileEncoding = 4; lastKnownFileType = sourcecode.c.h; path = RespondToRequest.h; sourceTree = "<group>"; };
		A62789641A7494400058854E /* RespondToRequest.m */ = {isa = PBXFileReference; fileEncoding = 4; lastKnownFileType = sourcecode.c.objc; path = RespondToRequest.m; sourceTree = "<group>"; };
		A63D9E6E1A669D5E00E07FC1 /* marker.png */ = {isa = PBXFileReference; lastKnownFileType = image.png; path = marker.png; sourceTree = "<group>"; };
		A687A3E61A740A6100D73A4F /* User.h */ = {isa = PBXFileReference; fileEncoding = 4; lastKnownFileType = sourcecode.c.h; path = User.h; sourceTree = "<group>"; };
		A687A3E71A740A6D00D73A4F /* User.m */ = {isa = PBXFileReference; fileEncoding = 4; lastKnownFileType = sourcecode.c.objc; path = User.m; sourceTree = "<group>"; };
		A6BDB9011A65ACC5006E2776 /* MapViewController.h */ = {isa = PBXFileReference; fileEncoding = 4; lastKnownFileType = sourcecode.c.h; path = MapViewController.h; sourceTree = "<group>"; };
		A6BDB9021A65ACC5006E2776 /* MapViewController.m */ = {isa = PBXFileReference; fileEncoding = 4; lastKnownFileType = sourcecode.c.objc; path = MapViewController.m; sourceTree = "<group>"; };
		A6BDB9051A65B1A6006E2776 /* MapKit.framework */ = {isa = PBXFileReference; lastKnownFileType = wrapper.framework; name = MapKit.framework; path = System/Library/Frameworks/MapKit.framework; sourceTree = SDKROOT; };
		A6CF1ECD1A629D51009790B7 /* i-BThere.app */ = {isa = PBXFileReference; explicitFileType = wrapper.application; includeInIndex = 0; path = "i-BThere.app"; sourceTree = BUILT_PRODUCTS_DIR; };
		A6CF1ED01A629D51009790B7 /* Foundation.framework */ = {isa = PBXFileReference; lastKnownFileType = wrapper.framework; name = Foundation.framework; path = System/Library/Frameworks/Foundation.framework; sourceTree = SDKROOT; };
		A6CF1ED21A629D51009790B7 /* CoreGraphics.framework */ = {isa = PBXFileReference; lastKnownFileType = wrapper.framework; name = CoreGraphics.framework; path = System/Library/Frameworks/CoreGraphics.framework; sourceTree = SDKROOT; };
		A6CF1ED41A629D51009790B7 /* UIKit.framework */ = {isa = PBXFileReference; lastKnownFileType = wrapper.framework; name = UIKit.framework; path = System/Library/Frameworks/UIKit.framework; sourceTree = SDKROOT; };
		A6CF1ED81A629D51009790B7 /* i-BThere-Info.plist */ = {isa = PBXFileReference; lastKnownFileType = text.plist.xml; path = "i-BThere-Info.plist"; sourceTree = "<group>"; };
		A6CF1EDA1A629D51009790B7 /* en */ = {isa = PBXFileReference; lastKnownFileType = text.plist.strings; name = en; path = en.lproj/InfoPlist.strings; sourceTree = "<group>"; };
		A6CF1EDC1A629D51009790B7 /* main.m */ = {isa = PBXFileReference; lastKnownFileType = sourcecode.c.objc; path = main.m; sourceTree = "<group>"; };
		A6CF1EDE1A629D51009790B7 /* i-BThere-Prefix.pch */ = {isa = PBXFileReference; lastKnownFileType = sourcecode.c.h; path = "i-BThere-Prefix.pch"; sourceTree = "<group>"; };
		A6CF1EDF1A629D51009790B7 /* AppDelegate.h */ = {isa = PBXFileReference; lastKnownFileType = sourcecode.c.h; path = AppDelegate.h; sourceTree = "<group>"; };
		A6CF1EE01A629D51009790B7 /* AppDelegate.m */ = {isa = PBXFileReference; lastKnownFileType = sourcecode.c.objc; path = AppDelegate.m; sourceTree = "<group>"; };
		A6CF1EE51A629D51009790B7 /* ViewController.h */ = {isa = PBXFileReference; lastKnownFileType = sourcecode.c.h; path = ViewController.h; sourceTree = "<group>"; };
		A6CF1EE61A629D51009790B7 /* ViewController.m */ = {isa = PBXFileReference; lastKnownFileType = sourcecode.c.objc; path = ViewController.m; sourceTree = "<group>"; };
		A6CF1EE81A629D51009790B7 /* Images.xcassets */ = {isa = PBXFileReference; lastKnownFileType = folder.assetcatalog; path = Images.xcassets; sourceTree = "<group>"; };
		A6CF1EEE1A629D51009790B7 /* i-BThereTests.xctest */ = {isa = PBXFileReference; explicitFileType = wrapper.cfbundle; includeInIndex = 0; path = "i-BThereTests.xctest"; sourceTree = BUILT_PRODUCTS_DIR; };
		A6CF1EEF1A629D51009790B7 /* XCTest.framework */ = {isa = PBXFileReference; lastKnownFileType = wrapper.framework; name = XCTest.framework; path = Library/Frameworks/XCTest.framework; sourceTree = DEVELOPER_DIR; };
		A6CF1EF71A629D51009790B7 /* i-BThereTests-Info.plist */ = {isa = PBXFileReference; lastKnownFileType = text.plist.xml; path = "i-BThereTests-Info.plist"; sourceTree = "<group>"; };
		A6CF1EF91A629D51009790B7 /* en */ = {isa = PBXFileReference; lastKnownFileType = text.plist.strings; name = en; path = en.lproj/InfoPlist.strings; sourceTree = "<group>"; };
		A6CF1EFB1A629D51009790B7 /* i_BThereTests.m */ = {isa = PBXFileReference; lastKnownFileType = sourcecode.c.objc; path = i_BThereTests.m; sourceTree = "<group>"; };
		A6CF1F051A629DED009790B7 /* FacebookSDK.framework */ = {isa = PBXFileReference; lastKnownFileType = wrapper.framework; name = FacebookSDK.framework; path = ../FacebookSDK/FacebookSDK.framework; sourceTree = "<group>"; };
		A6CF1F081A62A004009790B7 /* Storyboard.storyboard */ = {isa = PBXFileReference; fileEncoding = 4; lastKnownFileType = file.storyboard; path = Storyboard.storyboard; sourceTree = "<group>"; };
		A6CF1F0B1A62AD61009790B7 /* SettingsViewController.h */ = {isa = PBXFileReference; fileEncoding = 4; lastKnownFileType = sourcecode.c.h; path = SettingsViewController.h; sourceTree = "<group>"; };
		A6CF1F0C1A62AD61009790B7 /* SettingsViewController.m */ = {isa = PBXFileReference; fileEncoding = 4; lastKnownFileType = sourcecode.c.objc; path = SettingsViewController.m; sourceTree = "<group>"; };
		A6FBB5AF1A710C1C004A5218 /* data.plist */ = {isa = PBXFileReference; fileEncoding = 4; lastKnownFileType = text.plist.xml; path = data.plist; sourceTree = "<group>"; };
		A6FBB5B31A71164E004A5218 /* AppUtil.m */ = {isa = PBXFileReference; fileEncoding = 4; lastKnownFileType = sourcecode.c.objc; path = AppUtil.m; sourceTree = "<group>"; };
		A6FBB5B61A711742004A5218 /* AppUtil.h */ = {isa = PBXFileReference; lastKnownFileType = sourcecode.c.h; path = AppUtil.h; sourceTree = "<group>"; };
/* End PBXFileReference section */

/* Begin PBXFrameworksBuildPhase section */
		A6CF1ECA1A629D51009790B7 /* Frameworks */ = {
			isa = PBXFrameworksBuildPhase;
			buildActionMask = 2147483647;
			files = (
				A60E63671A6694F9002F9434 /* CoreLocation.framework in Frameworks */,
				A60E63791A669541002F9434 /* SystemConfiguration.framework in Frameworks */,
				A60E63771A66953B002F9434 /* QuartzCore.framework in Frameworks */,
				A60E63751A669534002F9434 /* OpenGLES.framework in Frameworks */,
				A60E63731A66952D002F9434 /* libz.dylib in Frameworks */,
				A60E63711A669526002F9434 /* libicucore.dylib in Frameworks */,
				A60E636F1A66951B002F9434 /* libc++.dylib in Frameworks */,
				A60E636D1A66950E002F9434 /* ImageIO.framework in Frameworks */,
				A60E636B1A669507002F9434 /* GLKit.framework in Frameworks */,
				A60E63691A669500002F9434 /* CoreText.framework in Frameworks */,
				A60E63651A6694F4002F9434 /* CoreData.framework in Frameworks */,
				A60E63631A6694EE002F9434 /* AVFoundation.framework in Frameworks */,
				A60E635D1A6693D5002F9434 /* GoogleMaps.framework in Frameworks */,
				A6BDB9061A65B1A6006E2776 /* MapKit.framework in Frameworks */,
				A6CF1ED31A629D51009790B7 /* CoreGraphics.framework in Frameworks */,
				A6CF1F061A629DED009790B7 /* FacebookSDK.framework in Frameworks */,
				A6CF1ED51A629D51009790B7 /* UIKit.framework in Frameworks */,
				A6CF1ED11A629D51009790B7 /* Foundation.framework in Frameworks */,
			);
			runOnlyForDeploymentPostprocessing = 0;
		};
		A6CF1EEB1A629D51009790B7 /* Frameworks */ = {
			isa = PBXFrameworksBuildPhase;
			buildActionMask = 2147483647;
			files = (
				A6CF1EF01A629D51009790B7 /* XCTest.framework in Frameworks */,
				A6CF1F071A629DED009790B7 /* FacebookSDK.framework in Frameworks */,
				A6CF1EF21A629D51009790B7 /* UIKit.framework in Frameworks */,
				A6CF1EF11A629D51009790B7 /* Foundation.framework in Frameworks */,
			);
			runOnlyForDeploymentPostprocessing = 0;
		};
/* End PBXFrameworksBuildPhase section */

/* Begin PBXGroup section */
		A62789521A742C180058854E /* network */ = {
			isa = PBXGroup;
			children = (
				A62789531A742C460058854E /* RequestMeetUp.h */,
				A62789551A742C960058854E /* RequestMeetUp.m */,
				A627895F1A7493650058854E /* UpdateCurrentLocation.m */,
				A62789621A7493770058854E /* UpdateCurrentLocation.h */,
				A62789631A7494310058854E /* RespondToRequest.h */,
				A62789641A7494400058854E /* RespondToRequest.m */,
			);
			name = network;
			sourceTree = "<group>";
		};
		A687A3E51A740A5100D73A4F /* models */ = {
			isa = PBXGroup;
			children = (
				A687A3E61A740A6100D73A4F /* User.h */,
				A687A3E71A740A6D00D73A4F /* User.m */,
			);
			name = models;
			sourceTree = "<group>";
		};
		A687A3EB1A74141F00D73A4F /* util */ = {
			isa = PBXGroup;
			children = (
				A6FBB5B31A71164E004A5218 /* AppUtil.m */,
				A6FBB5B61A711742004A5218 /* AppUtil.h */,
			);
			name = util;
			sourceTree = "<group>";
		};
		A687A3EC1A74144B00D73A4F /* controllers */ = {
			isa = PBXGroup;
			children = (
				A6CF1EE51A629D51009790B7 /* ViewController.h */,
				A6CF1EE61A629D51009790B7 /* ViewController.m */,
				A6CF1F0B1A62AD61009790B7 /* SettingsViewController.h */,
				A6CF1F0C1A62AD61009790B7 /* SettingsViewController.m */,
				A6BDB9011A65ACC5006E2776 /* MapViewController.h */,
				A6BDB9021A65ACC5006E2776 /* MapViewController.m */,
			);
			name = controllers;
			sourceTree = "<group>";
		};
		A6CF1EC41A629D51009790B7 = {
			isa = PBXGroup;
			children = (
				A627895B1A748A520058854E /* MainStoryBoard.storyboard */,
				A6CF1ED61A629D51009790B7 /* i-BThere */,
				A6FBB5AF1A710C1C004A5218 /* data.plist */,
				A60E63601A6694A0002F9434 /* GoogleMaps.bundle */,
				A6CF1EF51A629D51009790B7 /* i-BThereTests */,
				A6CF1ECF1A629D51009790B7 /* Frameworks */,
				A6CF1ECE1A629D51009790B7 /* Products */,
			);
			sourceTree = "<group>";
		};
		A6CF1ECE1A629D51009790B7 /* Products */ = {
			isa = PBXGroup;
			children = (
				A6CF1ECD1A629D51009790B7 /* i-BThere.app */,
				A6CF1EEE1A629D51009790B7 /* i-BThereTests.xctest */,
			);
			name = Products;
			sourceTree = "<group>";
		};
		A6CF1ECF1A629D51009790B7 /* Frameworks */ = {
			isa = PBXGroup;
			children = (
				A60E63781A669541002F9434 /* SystemConfiguration.framework */,
				A60E63761A66953B002F9434 /* QuartzCore.framework */,
				A60E63741A669534002F9434 /* OpenGLES.framework */,
				A60E63721A66952D002F9434 /* libz.dylib */,
				A60E63701A669526002F9434 /* libicucore.dylib */,
				A60E636E1A66951B002F9434 /* libc++.dylib */,
				A60E636C1A66950E002F9434 /* ImageIO.framework */,
				A60E636A1A669506002F9434 /* GLKit.framework */,
				A60E63681A669500002F9434 /* CoreText.framework */,
				A60E63661A6694F9002F9434 /* CoreLocation.framework */,
				A60E63641A6694F4002F9434 /* CoreData.framework */,
				A60E63621A6694EE002F9434 /* AVFoundation.framework */,
				A60E635C1A6693D5002F9434 /* GoogleMaps.framework */,
				A6BDB9051A65B1A6006E2776 /* MapKit.framework */,
				A6CF1F051A629DED009790B7 /* FacebookSDK.framework */,
				A6CF1ED01A629D51009790B7 /* Foundation.framework */,
				A6CF1ED21A629D51009790B7 /* CoreGraphics.framework */,
				A6CF1ED41A629D51009790B7 /* UIKit.framework */,
				A6CF1EEF1A629D51009790B7 /* XCTest.framework */,
			);
			name = Frameworks;
			sourceTree = "<group>";
		};
		A6CF1ED61A629D51009790B7 /* i-BThere */ = {
			isa = PBXGroup;
			children = (
				A627895E1A748C7E0058854E /* ViewControllerDelegate.h */,
				A62789521A742C180058854E /* network */,
				A687A3EC1A74144B00D73A4F /* controllers */,
				A687A3EB1A74141F00D73A4F /* util */,
				A687A3E51A740A5100D73A4F /* models */,
				A6CF1EDF1A629D51009790B7 /* AppDelegate.h */,
				A6CF1EE01A629D51009790B7 /* AppDelegate.m */,
				A6CF1EE81A629D51009790B7 /* Images.xcassets */,
				A6CF1ED71A629D51009790B7 /* Supporting Files */,
				A6CF1F081A62A004009790B7 /* Storyboard.storyboard */,
			);
			path = "i-BThere";
			sourceTree = "<group>";
		};
		A6CF1ED71A629D51009790B7 /* Supporting Files */ = {
			isa = PBXGroup;
			children = (
				A63D9E6E1A669D5E00E07FC1 /* marker.png */,
				A60E635A1A667ECD002F9434 /* i-BThere.png */,
				A6CF1ED81A629D51009790B7 /* i-BThere-Info.plist */,
				A6CF1ED91A629D51009790B7 /* InfoPlist.strings */,
				A6CF1EDC1A629D51009790B7 /* main.m */,
				A6CF1EDE1A629D51009790B7 /* i-BThere-Prefix.pch */,
			);
			name = "Supporting Files";
			sourceTree = "<group>";
		};
		A6CF1EF51A629D51009790B7 /* i-BThereTests */ = {
			isa = PBXGroup;
			children = (
				A6CF1EFB1A629D51009790B7 /* i_BThereTests.m */,
				A6CF1EF61A629D51009790B7 /* Supporting Files */,
				A61C4F801A76698100B720CB /* UserModelTest.m */,
			);
			path = "i-BThereTests";
			sourceTree = "<group>";
		};
		A6CF1EF61A629D51009790B7 /* Supporting Files */ = {
			isa = PBXGroup;
			children = (
				A6CF1EF71A629D51009790B7 /* i-BThereTests-Info.plist */,
				A6CF1EF81A629D51009790B7 /* InfoPlist.strings */,
			);
			name = "Supporting Files";
			sourceTree = "<group>";
		};
/* End PBXGroup section */

/* Begin PBXNativeTarget section */
		A6CF1ECC1A629D51009790B7 /* i-BThere */ = {
			isa = PBXNativeTarget;
			buildConfigurationList = A6CF1EFF1A629D51009790B7 /* Build configuration list for PBXNativeTarget "i-BThere" */;
			buildPhases = (
				A6CF1EC91A629D51009790B7 /* Sources */,
				A6CF1ECA1A629D51009790B7 /* Frameworks */,
				A6CF1ECB1A629D51009790B7 /* Resources */,
			);
			buildRules = (
			);
			dependencies = (
			);
			name = "i-BThere";
			productName = "i-BThere";
			productReference = A6CF1ECD1A629D51009790B7 /* i-BThere.app */;
			productType = "com.apple.product-type.application";
		};
		A6CF1EED1A629D51009790B7 /* i-BThereTests */ = {
			isa = PBXNativeTarget;
			buildConfigurationList = A6CF1F021A629D51009790B7 /* Build configuration list for PBXNativeTarget "i-BThereTests" */;
			buildPhases = (
				A6CF1EEA1A629D51009790B7 /* Sources */,
				A6CF1EEB1A629D51009790B7 /* Frameworks */,
				A6CF1EEC1A629D51009790B7 /* Resources */,
			);
			buildRules = (
			);
			dependencies = (
				A6CF1EF41A629D51009790B7 /* PBXTargetDependency */,
			);
			name = "i-BThereTests";
			productName = "i-BThereTests";
			productReference = A6CF1EEE1A629D51009790B7 /* i-BThereTests.xctest */;
			productType = "com.apple.product-type.bundle.unit-test";
		};
/* End PBXNativeTarget section */

/* Begin PBXProject section */
		A6CF1EC51A629D51009790B7 /* Project object */ = {
			isa = PBXProject;
			attributes = {
				LastUpgradeCheck = 0510;
				ORGANIZATIONNAME = sheffield;
				TargetAttributes = {
					A6CF1ECC1A629D51009790B7 = {
						DevelopmentTeam = QYG683V3J2;
					};
					A6CF1EED1A629D51009790B7 = {
						DevelopmentTeam = QYG683V3J2;
						TestTargetID = A6CF1ECC1A629D51009790B7;
					};
				};
			};
			buildConfigurationList = A6CF1EC81A629D51009790B7 /* Build configuration list for PBXProject "i-BThere" */;
			compatibilityVersion = "Xcode 3.2";
			developmentRegion = English;
			hasScannedForEncodings = 0;
			knownRegions = (
				en,
				Base,
			);
			mainGroup = A6CF1EC41A629D51009790B7;
			productRefGroup = A6CF1ECE1A629D51009790B7 /* Products */;
			projectDirPath = "";
			projectRoot = "";
			targets = (
				A6CF1ECC1A629D51009790B7 /* i-BThere */,
				A6CF1EED1A629D51009790B7 /* i-BThereTests */,
			);
		};
/* End PBXProject section */

/* Begin PBXResourcesBuildPhase section */
		A6CF1ECB1A629D51009790B7 /* Resources */ = {
			isa = PBXResourcesBuildPhase;
			buildActionMask = 2147483647;
			files = (
				A6CF1EE91A629D51009790B7 /* Images.xcassets in Resources */,
				A6CF1F091A62A004009790B7 /* Storyboard.storyboard in Resources */,
				A6CF1EDB1A629D51009790B7 /* InfoPlist.strings in Resources */,
				A60E635B1A667ECD002F9434 /* i-BThere.png in Resources */,
				A60E63611A6694A0002F9434 /* GoogleMaps.bundle in Resources */,
				A6FBB5B01A710C1C004A5218 /* data.plist in Resources */,
				A627895C1A748A530058854E /* MainStoryBoard.storyboard in Resources */,
				A63D9E6F1A669D5E00E07FC1 /* marker.png in Resources */,
			);
			runOnlyForDeploymentPostprocessing = 0;
		};
		A6CF1EEC1A629D51009790B7 /* Resources */ = {
			isa = PBXResourcesBuildPhase;
			buildActionMask = 2147483647;
			files = (
				A6FBB5B11A710C1C004A5218 /* data.plist in Resources */,
				A6CF1EFA1A629D51009790B7 /* InfoPlist.strings in Resources */,
				A627895D1A748A530058854E /* MainStoryBoard.storyboard in Resources */,
				A6CF1F0A1A62A004009790B7 /* Storyboard.storyboard in Resources */,
			);
			runOnlyForDeploymentPostprocessing = 0;
		};
/* End PBXResourcesBuildPhase section */

/* Begin PBXSourcesBuildPhase section */
		A6CF1EC91A629D51009790B7 /* Sources */ = {
			isa = PBXSourcesBuildPhase;
			buildActionMask = 2147483647;
			files = (
				A62789561A742C960058854E /* RequestMeetUp.m in Sources */,
				A687A3E81A740A6D00D73A4F /* User.m in Sources */,
				A62789601A7493650058854E /* UpdateCurrentLocation.m in Sources */,
				A6CF1F0D1A62AD61009790B7 /* SettingsViewController.m in Sources */,
				A6CF1EE71A629D51009790B7 /* ViewController.m in Sources */,
				A6BDB9031A65ACC5006E2776 /* MapViewController.m in Sources */,
				A62789651A7494400058854E /* RespondToRequest.m in Sources */,
				A6FBB5B41A71164E004A5218 /* AppUtil.m in Sources */,
				A6CF1EE11A629D51009790B7 /* AppDelegate.m in Sources */,
				A6CF1EDD1A629D51009790B7 /* main.m in Sources */,
			);
			runOnlyForDeploymentPostprocessing = 0;
		};
		A6CF1EEA1A629D51009790B7 /* Sources */ = {
			isa = PBXSourcesBuildPhase;
			buildActionMask = 2147483647;
			files = (
				A6BDB9041A65ACC5006E2776 /* MapViewController.m in Sources */,
				A62789571A742C960058854E /* RequestMeetUp.m in Sources */,
				A687A3E91A740A6D00D73A4F /* User.m in Sources */,
				A6CF1F0E1A62AD61009790B7 /* SettingsViewController.m in Sources */,
				A62789661A7494400058854E /* RespondToRequest.m in Sources */,
				A6CF1EFC1A629D51009790B7 /* i_BThereTests.m in Sources */,
				A6FBB5B51A71164E004A5218 /* AppUtil.m in Sources */,
				A61C4F811A76698100B720CB /* UserModelTest.m in Sources */,
				A62789611A7493650058854E /* UpdateCurrentLocation.m in Sources */,
			);
			runOnlyForDeploymentPostprocessing = 0;
		};
/* End PBXSourcesBuildPhase section */

/* Begin PBXTargetDependency section */
		A6CF1EF41A629D51009790B7 /* PBXTargetDependency */ = {
			isa = PBXTargetDependency;
			target = A6CF1ECC1A629D51009790B7 /* i-BThere */;
			targetProxy = A6CF1EF31A629D51009790B7 /* PBXContainerItemProxy */;
		};
/* End PBXTargetDependency section */

/* Begin PBXVariantGroup section */
		A6CF1ED91A629D51009790B7 /* InfoPlist.strings */ = {
			isa = PBXVariantGroup;
			children = (
				A6CF1EDA1A629D51009790B7 /* en */,
			);
			name = InfoPlist.strings;
			sourceTree = "<group>";
		};
		A6CF1EF81A629D51009790B7 /* InfoPlist.strings */ = {
			isa = PBXVariantGroup;
			children = (
				A6CF1EF91A629D51009790B7 /* en */,
			);
			name = InfoPlist.strings;
			sourceTree = "<group>";
		};
/* End PBXVariantGroup section */

/* Begin XCBuildConfiguration section */
		A6CF1EFD1A629D51009790B7 /* Debug */ = {
			isa = XCBuildConfiguration;
			buildSettings = {
				ALWAYS_SEARCH_USER_PATHS = NO;
				CLANG_CXX_LANGUAGE_STANDARD = "gnu++0x";
				CLANG_CXX_LIBRARY = "libc++";
				CLANG_ENABLE_MODULES = YES;
				CLANG_ENABLE_OBJC_ARC = YES;
				CLANG_WARN_BOOL_CONVERSION = YES;
				CLANG_WARN_CONSTANT_CONVERSION = YES;
				CLANG_WARN_DIRECT_OBJC_ISA_USAGE = YES_ERROR;
				CLANG_WARN_EMPTY_BODY = YES;
				CLANG_WARN_ENUM_CONVERSION = YES;
				CLANG_WARN_INT_CONVERSION = YES;
				CLANG_WARN_OBJC_ROOT_CLASS = YES_ERROR;
				CLANG_WARN__DUPLICATE_METHOD_MATCH = YES;
				CODE_SIGN_IDENTITY = "Apple Development IOS Push Services: com.sheffield.i-BThere";
				"CODE_SIGN_IDENTITY[sdk=iphoneos*]" = "Apple Development IOS Push Services: com.sheffield.i-BThere";
				COPY_PHASE_STRIP = NO;
				GCC_C_LANGUAGE_STANDARD = gnu99;
				GCC_DYNAMIC_NO_PIC = NO;
				GCC_OPTIMIZATION_LEVEL = 0;
				GCC_PREPROCESSOR_DEFINITIONS = (
					"DEBUG=1",
					"$(inherited)",
				);
				GCC_SYMBOLS_PRIVATE_EXTERN = NO;
				GCC_WARN_64_TO_32_BIT_CONVERSION = YES;
				GCC_WARN_ABOUT_RETURN_TYPE = YES_ERROR;
				GCC_WARN_UNDECLARED_SELECTOR = YES;
				GCC_WARN_UNINITIALIZED_AUTOS = YES_AGGRESSIVE;
				GCC_WARN_UNUSED_FUNCTION = YES;
				GCC_WARN_UNUSED_VARIABLE = YES;
				IPHONEOS_DEPLOYMENT_TARGET = 7.1;
				ONLY_ACTIVE_ARCH = YES;
				"OTHER_LDFLAGS[arch=*]" = "-ObjC";
				PROVISIONING_PROFILE = "d8c8428d-5694-4f09-9975-5bb9dffba827";
				SDKROOT = iphoneos;
			};
			name = Debug;
		};
		A6CF1EFE1A629D51009790B7 /* Release */ = {
			isa = XCBuildConfiguration;
			buildSettings = {
				ALWAYS_SEARCH_USER_PATHS = NO;
				CLANG_CXX_LANGUAGE_STANDARD = "gnu++0x";
				CLANG_CXX_LIBRARY = "libc++";
				CLANG_ENABLE_MODULES = YES;
				CLANG_ENABLE_OBJC_ARC = YES;
				CLANG_WARN_BOOL_CONVERSION = YES;
				CLANG_WARN_CONSTANT_CONVERSION = YES;
				CLANG_WARN_DIRECT_OBJC_ISA_USAGE = YES_ERROR;
				CLANG_WARN_EMPTY_BODY = YES;
				CLANG_WARN_ENUM_CONVERSION = YES;
				CLANG_WARN_INT_CONVERSION = YES;
				CLANG_WARN_OBJC_ROOT_CLASS = YES_ERROR;
				CLANG_WARN__DUPLICATE_METHOD_MATCH = YES;
				"CODE_SIGN_IDENTITY[sdk=iphoneos*]" = "iPhone Developer";
				COPY_PHASE_STRIP = YES;
				ENABLE_NS_ASSERTIONS = NO;
				GCC_C_LANGUAGE_STANDARD = gnu99;
				GCC_WARN_64_TO_32_BIT_CONVERSION = YES;
				GCC_WARN_ABOUT_RETURN_TYPE = YES_ERROR;
				GCC_WARN_UNDECLARED_SELECTOR = YES;
				GCC_WARN_UNINITIALIZED_AUTOS = YES_AGGRESSIVE;
				GCC_WARN_UNUSED_FUNCTION = YES;
				GCC_WARN_UNUSED_VARIABLE = YES;
				IPHONEOS_DEPLOYMENT_TARGET = 7.1;
				"OTHER_LDFLAGS[arch=*]" = "-ObjC";
				PROVISIONING_PROFILE = "d8c8428d-5694-4f09-9975-5bb9dffba827";
				SDKROOT = iphoneos;
				VALIDATE_PRODUCT = YES;
			};
			name = Release;
		};
		A6CF1F001A629D51009790B7 /* Debug */ = {
			isa = XCBuildConfiguration;
			buildSettings = {
				ASSETCATALOG_COMPILER_APPICON_NAME = AppIcon;
				ASSETCATALOG_COMPILER_LAUNCHIMAGE_NAME = LaunchImage;
				CODE_SIGN_IDENTITY = "iPhone Developer";
				"CODE_SIGN_IDENTITY[sdk=iphoneos*]" = "iPhone Developer";
				FRAMEWORK_SEARCH_PATHS = (
					"$(inherited)",
					/Users/tudorsirbu/Documents/FacebookSDK,
					"$(PROJECT_DIR)",
				);
				GCC_PRECOMPILE_PREFIX_HEADER = YES;
				GCC_PREFIX_HEADER = "i-BThere/i-BThere-Prefix.pch";
				INFOPLIST_FILE = "i-BThere/i-BThere-Info.plist";
				IPHONEOS_DEPLOYMENT_TARGET = 7.1;
				PRODUCT_NAME = "$(TARGET_NAME)";
				PROVISIONING_PROFILE = "";
				TARGETED_DEVICE_FAMILY = 1;
				WRAPPER_EXTENSION = app;
			};
			name = Debug;
		};
		A6CF1F011A629D51009790B7 /* Release */ = {
			isa = XCBuildConfiguration;
			buildSettings = {
				ASSETCATALOG_COMPILER_APPICON_NAME = AppIcon;
				ASSETCATALOG_COMPILER_LAUNCHIMAGE_NAME = LaunchImage;
				CODE_SIGN_IDENTITY = "iPhone Developer";
				"CODE_SIGN_IDENTITY[sdk=iphoneos*]" = "iPhone Developer";
				FRAMEWORK_SEARCH_PATHS = (
					"$(inherited)",
					/Users/tudorsirbu/Documents/FacebookSDK,
					"$(PROJECT_DIR)",
				);
				GCC_PRECOMPILE_PREFIX_HEADER = YES;
				GCC_PREFIX_HEADER = "i-BThere/i-BThere-Prefix.pch";
				INFOPLIST_FILE = "i-BThere/i-BThere-Info.plist";
				IPHONEOS_DEPLOYMENT_TARGET = 7.1;
				PRODUCT_NAME = "$(TARGET_NAME)";
				PROVISIONING_PROFILE = "";
				TARGETED_DEVICE_FAMILY = 1;
				WRAPPER_EXTENSION = app;
			};
			name = Release;
		};
		A6CF1F031A629D51009790B7 /* Debug */ = {
			isa = XCBuildConfiguration;
			buildSettings = {
				BUNDLE_LOADER = "$(BUILT_PRODUCTS_DIR)/i-BThere.app/i-BThere";
				CODE_SIGN_IDENTITY = "iOS Development: Tudor Sirbu (EVA6HC7LRV)";
				"CODE_SIGN_IDENTITY[sdk=iphoneos*]" = "iPhone Developer";
				FRAMEWORK_SEARCH_PATHS = (
					"$(SDKROOT)/Developer/Library/Frameworks",
					"$(inherited)",
					"$(DEVELOPER_FRAMEWORKS_DIR)",
					/Users/tudorsirbu/Documents/FacebookSDK,
				);
				GCC_PRECOMPILE_PREFIX_HEADER = YES;
				GCC_PREFIX_HEADER = "i-BThere/i-BThere-Prefix.pch";
				GCC_PREPROCESSOR_DEFINITIONS = (
					"DEBUG=1",
					"$(inherited)",
				);
				INFOPLIST_FILE = "i-BThereTests/i-BThereTests-Info.plist";
				PRODUCT_NAME = "$(TARGET_NAME)";
				PROVISIONING_PROFILE = "9eb5f6e2-239c-4990-9f93-dcabff19a93c";
				TEST_HOST = "$(BUNDLE_LOADER)";
				WRAPPER_EXTENSION = xctest;
			};
			name = Debug;
		};
		A6CF1F041A629D51009790B7 /* Release */ = {
			isa = XCBuildConfiguration;
			buildSettings = {
				BUNDLE_LOADER = "$(BUILT_PRODUCTS_DIR)/i-BThere.app/i-BThere";
				CODE_SIGN_IDENTITY = "iOS Development: Tudor Sirbu (EVA6HC7LRV)";
				"CODE_SIGN_IDENTITY[sdk=iphoneos*]" = "iPhone Developer";
				FRAMEWORK_SEARCH_PATHS = (
					"$(SDKROOT)/Developer/Library/Frameworks",
					"$(inherited)",
					"$(DEVELOPER_FRAMEWORKS_DIR)",
					/Users/tudorsirbu/Documents/FacebookSDK,
				);
				GCC_PRECOMPILE_PREFIX_HEADER = YES;
				GCC_PREFIX_HEADER = "i-BThere/i-BThere-Prefix.pch";
				INFOPLIST_FILE = "i-BThereTests/i-BThereTests-Info.plist";
				PRODUCT_NAME = "$(TARGET_NAME)";
				PROVISIONING_PROFILE = "9eb5f6e2-239c-4990-9f93-dcabff19a93c";
				TEST_HOST = "$(BUNDLE_LOADER)";
				WRAPPER_EXTENSION = xctest;
			};
			name = Release;
		};
/* End XCBuildConfiguration section */

/* Begin XCConfigurationList section */
		A6CF1EC81A629D51009790B7 /* Build configuration list for PBXProject "i-BThere" */ = {
			isa = XCConfigurationList;
			buildConfigurations = (
				A6CF1EFD1A629D51009790B7 /* Debug */,
				A6CF1EFE1A629D51009790B7 /* Release */,
			);
			defaultConfigurationIsVisible = 0;
			defaultConfigurationName = Release;
		};
		A6CF1EFF1A629D51009790B7 /* Build configuration list for PBXNativeTarget "i-BThere" */ = {
			isa = XCConfigurationList;
			buildConfigurations = (
				A6CF1F001A629D51009790B7 /* Debug */,
				A6CF1F011A629D51009790B7 /* Release */,
			);
			defaultConfigurationIsVisible = 0;
			defaultConfigurationName = Release;
		};
		A6CF1F021A629D51009790B7 /* Build configuration list for PBXNativeTarget "i-BThereTests" */ = {
			isa = XCConfigurationList;
			buildConfigurations = (
				A6CF1F031A629D51009790B7 /* Debug */,
				A6CF1F041A629D51009790B7 /* Release */,
			);
			defaultConfigurationIsVisible = 0;
			defaultConfigurationName = Release;
		};
/* End XCConfigurationList section */
	};
	rootObject = A6CF1EC51A629D51009790B7 /* Project object */;
}
